
Microsoft Visual Studio Solution File, Format Version 12.00
# Visual Studio 14
VisualStudioVersion = 14.0.25123.0
MinimumVisualStudioVersion = 10.0.40219.1
Project("{2150E333-8FDC-42A3-9474-1A3956D46DE8}") = "UI", "UI", "{0B707527-EE5C-485F-962C-37FDBCC8F549}"
EndProject
Project("{2150E333-8FDC-42A3-9474-1A3956D46DE8}") = "BLL", "BLL", "{AC798B02-3D74-4507-9EFF-F059DC018D58}"
EndProject
Project("{2150E333-8FDC-42A3-9474-1A3956D46DE8}") = "Common", "Common", "{1B9CBE87-9100-4875-88E1-7D3392472CE6}"
EndProject
Project("{2150E333-8FDC-42A3-9474-1A3956D46DE8}") = "DAL", "DAL", "{3015E79E-A467-4E65-B83F-92C76C79CF77}"
EndProject
Project("{2150E333-8FDC-42A3-9474-1A3956D46DE8}") = "Model", "Model", "{645E55DB-AC29-4C3D-A466-F24AA0AAA1F2}"
EndProject
Project("{FAE04EC0-301F-11D3-BF4B-00C04F79EFBC}") = "WebUI.BLL", "WebUI.BLL\WebUI.BLL.csproj", "{741D1305-40F2-45FF-B97B-D23381F4E5F3}"
EndProject
Project("{FAE04EC0-301F-11D3-BF4B-00C04F79EFBC}") = "WebUI.IBLL", "WebUI.IBLL\WebUI.IBLL.csproj", "{47C6913E-B0D5-488B-BBE7-D54110EEBFE3}"
EndProject
Project("{FAE04EC0-301F-11D3-BF4B-00C04F79EFBC}") = "WebUI.Common", "WebUI.Common\WebUI.Common.csproj", "{D48E4A61-B77F-49AD-B9CD-EABDB63395AB}"
EndProject
Project("{FAE04EC0-301F-11D3-BF4B-00C04F79EFBC}") = "WebUI.DAL", "WebUI.DAL\WebUI.DAL.csproj", "{27F4EA3A-B4E1-457B-BF45-DE7491F9645D}"
EndProject
Project("{FAE04EC0-301F-11D3-BF4B-00C04F79EFBC}") = "WebUI.IDAL", "WebUI.IDAL\WebUI.IDAL.csproj", "{BC53DD94-A495-454A-B58A-4E66FE7F49D7}"
EndProject
Project("{FAE04EC0-301F-11D3-BF4B-00C04F79EFBC}") = "WebUI.DALFtory", "WebUI.DALFtory\WebUI.DALFtory.csproj", "{3239348A-3836-47ED-BE30-72FB9FFDFBEB}"
EndProject
Project("{FAE04EC0-301F-11D3-BF4B-00C04F79EFBC}") = "WebUI.Model", "WebUI.Model\WebUI.Model.csproj", "{20F7CAF2-0152-49F8-AB6E-48202C1B861B}"
EndProject
Project("{FAE04EC0-301F-11D3-BF4B-00C04F79EFBC}") = "WebUI", "WebUI\WebUI.csproj", "{9EBA259D-D5AF-4394-A628-83DA13DE3917}"
EndProject
Project("{FAE04EC0-301F-11D3-BF4B-00C04F79EFBC}") = "WebUI.Controllers", "WebUI.Controllers\WebUI.Controllers.csproj", "{2C7804FB-15C7-4C3D-A88B-A8FCC8B3F088}"
EndProject
Project("{FAE04EC0-301F-11D3-BF4B-00C04F79EFBC}") = "ConsoleApplication1", "ConsoleApplication1\ConsoleApplication1.csproj", "{C74FA97B-4AE7-4848-AA2C-A23097A8E9F4}"
EndProject
Global
	GlobalSection(SolutionConfigurationPlatforms) = preSolution
		Debug|Any CPU = Debug|Any CPU
		Release|Any CPU = Release|Any CPU
	EndGlobalSection
	GlobalSection(ProjectConfigurationPlatforms) = postSolution
		{741D1305-40F2-45FF-B97B-D23381F4E5F3}.Debug|Any CPU.ActiveCfg = Debug|Any CPU
		{741D1305-40F2-45FF-B97B-D23381F4E5F3}.Debug|Any CPU.Build.0 = Debug|Any CPU
		{741D1305-40F2-45FF-B97B-D23381F4E5F3}.Release|Any CPU.ActiveCfg = Release|Any CPU
		{741D1305-40F2-45FF-B97B-D23381F4E5F3}.Release|Any CPU.Build.0 = Release|Any CPU
		{47C6913E-B0D5-488B-BBE7-D54110EEBFE3}.Debug|Any CPU.ActiveCfg = Debug|Any CPU
		{47C6913E-B0D5-488B-BBE7-D54110EEBFE3}.Debug|Any CPU.Build.0 = Debug|Any CPU
		{47C6913E-B0D5-488B-BBE7-D54110EEBFE3}.Release|Any CPU.ActiveCfg = Release|Any CPU
		{47C6913E-B0D5-488B-BBE7-D54110EEBFE3}.Release|Any CPU.Build.0 = Release|Any CPU
		{D48E4A61-B77F-49AD-B9CD-EABDB63395AB}.Debug|Any CPU.ActiveCfg = Debug|Any CPU
		{D48E4A61-B77F-49AD-B9CD-EABDB63395AB}.Debug|Any CPU.Build.0 = Debug|Any CPU
		{D48E4A61-B77F-49AD-B9CD-EABDB63395AB}.Release|Any CPU.ActiveCfg = Release|Any CPU
		{D48E4A61-B77F-49AD-B9CD-EABDB63395AB}.Release|Any CPU.Build.0 = Release|Any CPU
		{27F4EA3A-B4E1-457B-BF45-DE7491F9645D}.Debug|Any CPU.ActiveCfg = Debug|Any CPU
		{27F4EA3A-B4E1-457B-BF45-DE7491F9645D}.Debug|Any CPU.Build.0 = Debug|Any CPU
		{27F4EA3A-B4E1-457B-BF45-DE7491F9645D}.Release|Any CPU.ActiveCfg = Release|Any CPU
		{27F4EA3A-B4E1-457B-BF45-DE7491F9645D}.Release|Any CPU.Build.0 = Release|Any CPU
		{BC53DD94-A495-454A-B58A-4E66FE7F49D7}.Debug|Any CPU.ActiveCfg = Debug|Any CPU
		{BC53DD94-A495-454A-B58A-4E66FE7F49D7}.Debug|Any CPU.Build.0 = Debug|Any CPU
		{BC53DD94-A495-454A-B58A-4E66FE7F49D7}.Release|Any CPU.ActiveCfg = Release|Any CPU
		{BC53DD94-A495-454A-B58A-4E66FE7F49D7}.Release|Any CPU.Build.0 = Release|Any CPU
		{3239348A-3836-47ED-BE30-72FB9FFDFBEB}.Debug|Any CPU.ActiveCfg = Debug|Any CPU
		{3239348A-3836-47ED-BE30-72FB9FFDFBEB}.Debug|Any CPU.Build.0 = Debug|Any CPU
		{3239348A-3836-47ED-BE30-72FB9FFDFBEB}.Release|Any CPU.ActiveCfg = Release|Any CPU
		{3239348A-3836-47ED-BE30-72FB9FFDFBEB}.Release|Any CPU.Build.0 = Release|Any CPU
		{20F7CAF2-0152-49F8-AB6E-48202C1B861B}.Debug|Any CPU.ActiveCfg = Debug|Any CPU
		{20F7CAF2-0152-49F8-AB6E-48202C1B861B}.Debug|Any CPU.Build.0 = Debug|Any CPU
		{20F7CAF2-0152-49F8-AB6E-48202C1B861B}.Release|Any CPU.ActiveCfg = Release|Any CPU
		{20F7CAF2-0152-49F8-AB6E-48202C1B861B}.Release|Any CPU.Build.0 = Release|Any CPU
		{9EBA259D-D5AF-4394-A628-83DA13DE3917}.Debug|Any CPU.ActiveCfg = Debug|Any CPU
		{9EBA259D-D5AF-4394-A628-83DA13DE3917}.Debug|Any CPU.Build.0 = Debug|Any CPU
		{9EBA259D-D5AF-4394-A628-83DA13DE3917}.Release|Any CPU.ActiveCfg = Release|Any CPU
		{9EBA259D-D5AF-4394-A628-83DA13DE3917}.Release|Any CPU.Build.0 = Release|Any CPU
		{2C7804FB-15C7-4C3D-A88B-A8FCC8B3F088}.Debug|Any CPU.ActiveCfg = Debug|Any CPU
		{2C7804FB-15C7-4C3D-A88B-A8FCC8B3F088}.Debug|Any CPU.Build.0 = Debug|Any CPU
		{2C7804FB-15C7-4C3D-A88B-A8FCC8B3F088}.Release|Any CPU.ActiveCfg = Release|Any CPU
		{2C7804FB-15C7-4C3D-A88B-A8FCC8B3F088}.Release|Any CPU.Build.0 = Release|Any CPU
		{C74FA97B-4AE7-4848-AA2C-A23097A8E9F4}.Debug|Any CPU.ActiveCfg = Debug|Any CPU
		{C74FA97B-4AE7-4848-AA2C-A23097A8E9F4}.Debug|Any CPU.Build.0 = Debug|Any CPU
		{C74FA97B-4AE7-4848-AA2C-A23097A8E9F4}.Release|Any CPU.ActiveCfg = Release|Any CPU
		{C74FA97B-4AE7-4848-AA2C-A23097A8E9F4}.Release|Any CPU.Build.0 = Release|Any CPU
	EndGlobalSection
	GlobalSection(SolutionProperties) = preSolution
		HideSolutionNode = FALSE
	EndGlobalSection
	GlobalSection(NestedProjects) = preSolution
		{741D1305-40F2-45FF-B97B-D23381F4E5F3} = {AC798B02-3D74-4507-9EFF-F059DC018D58}
		{47C6913E-B0D5-488B-BBE7-D54110EEBFE3} = {AC798B02-3D74-4507-9EFF-F059DC018D58}
		{D48E4A61-B77F-49AD-B9CD-EABDB63395AB} = {1B9CBE87-9100-4875-88E1-7D3392472CE6}
		{27F4EA3A-B4E1-457B-BF45-DE7491F9645D} = {3015E79E-A467-4E65-B83F-92C76C79CF77}
		{BC53DD94-A495-454A-B58A-4E66FE7F49D7} = {3015E79E-A467-4E65-B83F-92C76C79CF77}
		{3239348A-3836-47ED-BE30-72FB9FFDFBEB} = {3015E79E-A467-4E65-B83F-92C76C79CF77}
		{20F7CAF2-0152-49F8-AB6E-48202C1B861B} = {645E55DB-AC29-4C3D-A466-F24AA0AAA1F2}
		{9EBA259D-D5AF-4394-A628-83DA13DE3917} = {0B707527-EE5C-485F-962C-37FDBCC8F549}
		{2C7804FB-15C7-4C3D-A88B-A8FCC8B3F088} = {AC798B02-3D74-4507-9EFF-F059DC018D58}
	EndGlobalSection
EndGlobal
